version = 1
revision = 3
requires-python = ">=3.13"

[[package]]
name = "coloredlogs"
version = "15.0.1"
source = { registry = "https://pypi.org/simple" }
dependencies = [
    { name = "humanfriendly" },
]
sdist = { url = "https://files.pythonhosted.org/packages/cc/c7/eed8f27100517e8c0e6b923d5f0845d0cb99763da6fdee00478f91db7325/coloredlogs-15.0.1.tar.gz", hash = "sha256:7c991aa71a4577af2f82600d8f8f3a89f936baeaf9b50a9c197da014e5bf16b0", size = 278520, upload-time = "2021-06-11T10:22:45.202Z" }
wheels = [
    { url = "https://files.pythonhosted.org/packages/a7/06/3d6badcf13db419e25b07041d9c7b4a2c331d3f4e7134445ec5df57714cd/coloredlogs-15.0.1-py2.py3-none-any.whl", hash = "sha256:612ee75c546f53e92e70049c9dbfcc18c935a2b9a53b66085ce9ef6a6e5c0934", size = 46018, upload-time = "2021-06-11T10:22:42.561Z" },
]

[[package]]
name = "flatbuffers"
version = "25.9.23"
source = { registry = "https://pypi.org/simple" }
sdist = { url = "https://files.pythonhosted.org/packages/9d/1f/3ee70b0a55137442038f2a33469cc5fddd7e0ad2abf83d7497c18a2b6923/flatbuffers-25.9.23.tar.gz", hash = "sha256:676f9fa62750bb50cf531b42a0a2a118ad8f7f797a511eda12881c016f093b12", size = 22067, upload-time = "2025-09-24T05:25:30.106Z" }
wheels = [
    { url = "https://files.pythonhosted.org/packages/ee/1b/00a78aa2e8fbd63f9af08c9c19e6deb3d5d66b4dda677a0f61654680ee89/flatbuffers-25.9.23-py2.py3-none-any.whl", hash = "sha256:255538574d6cb6d0a79a17ec8bc0d30985913b87513a01cce8bcdb6b4c44d0e2", size = 30869, upload-time = "2025-09-24T05:25:28.912Z" },
]

[[package]]
name = "humanfriendly"
version = "10.0"
source = { registry = "https://pypi.org/simple" }
dependencies = [
    { name = "pyreadline3", marker = "sys_platform == 'win32'" },
]
sdist = { url = "https://files.pythonhosted.org/packages/cc/3f/2c29224acb2e2df4d2046e4c73ee2662023c58ff5b113c4c1adac0886c43/humanfriendly-10.0.tar.gz", hash = "sha256:6b0b831ce8f15f7300721aa49829fc4e83921a9a301cc7f606be6686a2288ddc", size = 360702, upload-time = "2021-09-17T21:40:43.31Z" }
wheels = [
    { url = "https://files.pythonhosted.org/packages/f0/0f/310fb31e39e2d734ccaa2c0fb981ee41f7bd5056ce9bc29b2248bd569169/humanfriendly-10.0-py2.py3-none-any.whl", hash = "sha256:1697e1a8a8f550fd43c2865cd84542fc175a61dcb779b6fee18cf6b6ccba1477", size = 86794, upload-time = "2021-09-17T21:40:39.897Z" },
]

[[package]]
name = "ml-dtypes"
version = "0.5.3"
source = { registry = "https://pypi.org/simple" }
dependencies = [
    { name = "numpy" },
]
sdist = { url = "https://files.pythonhosted.org/packages/78/a7/aad060393123cfb383956dca68402aff3db1e1caffd5764887ed5153f41b/ml_dtypes-0.5.3.tar.gz", hash = "sha256:95ce33057ba4d05df50b1f3cfefab22e351868a843b3b15a46c65836283670c9", size = 692316, upload-time = "2025-07-29T18:39:19.454Z" }
wheels = [
    { url = "https://files.pythonhosted.org/packages/2d/87/1bcc98a66de7b2455dfb292f271452cac9edc4e870796e0d87033524d790/ml_dtypes-0.5.3-cp313-cp313-macosx_10_13_universal2.whl", hash = "sha256:5103856a225465371fe119f2fef737402b705b810bd95ad5f348e6e1a6ae21af", size = 663781, upload-time = "2025-07-29T18:38:42.984Z" },
    { url = "https://files.pythonhosted.org/packages/fd/2c/bd2a79ba7c759ee192b5601b675b180a3fd6ccf48ffa27fe1782d280f1a7/ml_dtypes-0.5.3-cp313-cp313-manylinux_2_27_aarch64.manylinux_2_28_aarch64.whl", hash = "sha256:4cae435a68861660af81fa3c5af16b70ca11a17275c5b662d9c6f58294e0f113", size = 4956217, upload-time = "2025-07-29T18:38:44.65Z" },
    { url = "https://files.pythonhosted.org/packages/14/f3/091ba84e5395d7fe5b30c081a44dec881cd84b408db1763ee50768b2ab63/ml_dtypes-0.5.3-cp313-cp313-manylinux_2_27_x86_64.manylinux_2_28_x86_64.whl", hash = "sha256:6936283b56d74fbec431ca57ce58a90a908fdbd14d4e2d22eea6d72bb208a7b7", size = 4933109, upload-time = "2025-07-29T18:38:46.405Z" },
    { url = "https://files.pythonhosted.org/packages/bc/24/054036dbe32c43295382c90a1363241684c4d6aaa1ecc3df26bd0c8d5053/ml_dtypes-0.5.3-cp313-cp313-win_amd64.whl", hash = "sha256:d0f730a17cf4f343b2c7ad50cee3bd19e969e793d2be6ed911f43086460096e4", size = 208187, upload-time = "2025-07-29T18:38:48.24Z" },
    { url = "https://files.pythonhosted.org/packages/a6/3d/7dc3ec6794a4a9004c765e0c341e32355840b698f73fd2daff46f128afc1/ml_dtypes-0.5.3-cp313-cp313-win_arm64.whl", hash = "sha256:2db74788fc01914a3c7f7da0763427280adfc9cd377e9604b6b64eb8097284bd", size = 161559, upload-time = "2025-07-29T18:38:50.493Z" },
    { url = "https://files.pythonhosted.org/packages/12/91/e6c7a0d67a152b9330445f9f0cf8ae6eee9b83f990b8c57fe74631e42a90/ml_dtypes-0.5.3-cp313-cp313t-macosx_10_13_universal2.whl", hash = "sha256:93c36a08a6d158db44f2eb9ce3258e53f24a9a4a695325a689494f0fdbc71770", size = 689321, upload-time = "2025-07-29T18:38:52.03Z" },
    { url = "https://files.pythonhosted.org/packages/9e/6c/b7b94b84a104a5be1883305b87d4c6bd6ae781504474b4cca067cb2340ec/ml_dtypes-0.5.3-cp313-cp313t-manylinux_2_27_aarch64.manylinux_2_28_aarch64.whl", hash = "sha256:0e44a3761f64bc009d71ddb6d6c71008ba21b53ab6ee588dadab65e2fa79eafc", size = 5274495, upload-time = "2025-07-29T18:38:53.797Z" },
    { url = "https://files.pythonhosted.org/packages/5b/38/6266604dffb43378055394ea110570cf261a49876fc48f548dfe876f34cc/ml_dtypes-0.5.3-cp313-cp313t-manylinux_2_27_x86_64.manylinux_2_28_x86_64.whl", hash = "sha256:bdf40d2aaabd3913dec11840f0d0ebb1b93134f99af6a0a4fd88ffe924928ab4", size = 5285422, upload-time = "2025-07-29T18:38:56.603Z" },
    { url = "https://files.pythonhosted.org/packages/7c/88/8612ff177d043a474b9408f0382605d881eeb4125ba89d4d4b3286573a83/ml_dtypes-0.5.3-cp314-cp314-macosx_10_13_universal2.whl", hash = "sha256:aec640bd94c4c85c0d11e2733bd13cbb10438fb004852996ec0efbc6cacdaf70", size = 661182, upload-time = "2025-07-29T18:38:58.414Z" },
    { url = "https://files.pythonhosted.org/packages/6f/2b/0569a5e88b29240d373e835107c94ae9256fb2191d3156b43b2601859eff/ml_dtypes-0.5.3-cp314-cp314-manylinux_2_27_aarch64.manylinux_2_28_aarch64.whl", hash = "sha256:bda32ce212baa724e03c68771e5c69f39e584ea426bfe1a701cb01508ffc7035", size = 4956187, upload-time = "2025-07-29T18:39:00.611Z" },
    { url = "https://files.pythonhosted.org/packages/51/66/273c2a06ae44562b104b61e6b14444da00061fd87652506579d7eb2c40b1/ml_dtypes-0.5.3-cp314-cp314-manylinux_2_27_x86_64.manylinux_2_28_x86_64.whl", hash = "sha256:c205cac07d24a29840c163d6469f61069ce4b065518519216297fc2f261f8db9", size = 4930911, upload-time = "2025-07-29T18:39:02.405Z" },
    { url = "https://files.pythonhosted.org/packages/93/ab/606be3e87dc0821bd360c8c1ee46108025c31a4f96942b63907bb441b87d/ml_dtypes-0.5.3-cp314-cp314-win_amd64.whl", hash = "sha256:cd7c0bb22d4ff86d65ad61b5dd246812e8993fbc95b558553624c33e8b6903ea", size = 216664, upload-time = "2025-07-29T18:39:03.927Z" },
    { url = "https://files.pythonhosted.org/packages/30/a2/e900690ca47d01dffffd66375c5de8c4f8ced0f1ef809ccd3b25b3e6b8fa/ml_dtypes-0.5.3-cp314-cp314-win_arm64.whl", hash = "sha256:9d55ea7f7baf2aed61bf1872116cefc9d0c3693b45cae3916897ee27ef4b835e", size = 160203, upload-time = "2025-07-29T18:39:05.671Z" },
    { url = "https://files.pythonhosted.org/packages/53/21/783dfb51f40d2660afeb9bccf3612b99f6a803d980d2a09132b0f9d216ab/ml_dtypes-0.5.3-cp314-cp314t-macosx_10_13_universal2.whl", hash = "sha256:e12e29764a0e66a7a31e9b8bf1de5cc0423ea72979f45909acd4292de834ccd3", size = 689324, upload-time = "2025-07-29T18:39:07.567Z" },
    { url = "https://files.pythonhosted.org/packages/09/f7/a82d249c711abf411ac027b7163f285487f5e615c3e0716c61033ce996ab/ml_dtypes-0.5.3-cp314-cp314t-manylinux_2_27_aarch64.manylinux_2_28_aarch64.whl", hash = "sha256:19f6c3a4f635c2fc9e2aa7d91416bd7a3d649b48350c51f7f715a09370a90d93", size = 5275917, upload-time = "2025-07-29T18:39:09.339Z" },
    { url = "https://files.pythonhosted.org/packages/7f/3c/541c4b30815ab90ebfbb51df15d0b4254f2f9f1e2b4907ab229300d5e6f2/ml_dtypes-0.5.3-cp314-cp314t-manylinux_2_27_x86_64.manylinux_2_28_x86_64.whl", hash = "sha256:5ab039ffb40f3dc0aeeeba84fd6c3452781b5e15bef72e2d10bcb33e4bbffc39", size = 5285284, upload-time = "2025-07-29T18:39:11.532Z" },
]

[[package]]
name = "mpmath"
version = "1.3.0"
source = { registry = "https://pypi.org/simple" }
sdist = { url = "https://files.pythonhosted.org/packages/e0/47/dd32fa426cc72114383ac549964eecb20ecfd886d1e5ccf5340b55b02f57/mpmath-1.3.0.tar.gz", hash = "sha256:7a28eb2a9774d00c7bc92411c19a89209d5da7c4c9a9e227be8330a23a25b91f", size = 508106, upload-time = "2023-03-07T16:47:11.061Z" }
wheels = [
    { url = "https://files.pythonhosted.org/packages/43/e3/7d92a15f894aa0c9c4b49b8ee9ac9850d6e63b03c9c32c0367a13ae62209/mpmath-1.3.0-py3-none-any.whl", hash = "sha256:a0b2b9fe80bbcd81a6647ff13108738cfb482d481d826cc0e02f5b35e5c88d2c", size = 536198, upload-time = "2023-03-07T16:47:09.197Z" },
]

[[package]]
name = "neuromancer"
version = "0.1.0"
source = { virtual = "." }
dependencies = [
    { name = "onnx" },
    { name = "onnxruntime" },
]

[package.metadata]
requires-dist = [
    { name = "onnx", specifier = ">=1.19.0" },
    { name = "onnxruntime", specifier = ">=1.23.0" },
]

[[package]]
name = "numpy"
version = "2.3.3"
source = { registry = "https://pypi.org/simple" }
sdist = { url = "https://files.pythonhosted.org/packages/d0/19/95b3d357407220ed24c139018d2518fab0a61a948e68286a25f1a4d049ff/numpy-2.3.3.tar.gz", hash = "sha256:ddc7c39727ba62b80dfdbedf400d1c10ddfa8eefbd7ec8dcb118be8b56d31029", size = 20576648, upload-time = "2025-09-09T16:54:12.543Z" }
wheels = [
    { url = "https://files.pythonhosted.org/packages/7d/b9/984c2b1ee61a8b803bf63582b4ac4242cf76e2dbd663efeafcb620cc0ccb/numpy-2.3.3-cp313-cp313-macosx_10_13_x86_64.whl", hash = "sha256:f5415fb78995644253370985342cd03572ef8620b934da27d77377a2285955bf", size = 20949588, upload-time = "2025-09-09T15:56:59.087Z" },
    { url = "https://files.pythonhosted.org/packages/a6/e4/07970e3bed0b1384d22af1e9912527ecbeb47d3b26e9b6a3bced068b3bea/numpy-2.3.3-cp313-cp313-macosx_11_0_arm64.whl", hash = "sha256:d00de139a3324e26ed5b95870ce63be7ec7352171bc69a4cf1f157a48e3eb6b7", size = 14177802, upload-time = "2025-09-09T15:57:01.73Z" },
    { url = "https://files.pythonhosted.org/packages/35/c7/477a83887f9de61f1203bad89cf208b7c19cc9fef0cebef65d5a1a0619f2/numpy-2.3.3-cp313-cp313-macosx_14_0_arm64.whl", hash = "sha256:9dc13c6a5829610cc07422bc74d3ac083bd8323f14e2827d992f9e52e22cd6a6", size = 5106537, upload-time = "2025-09-09T15:57:03.765Z" },
    { url = "https://files.pythonhosted.org/packages/52/47/93b953bd5866a6f6986344d045a207d3f1cfbad99db29f534ea9cee5108c/numpy-2.3.3-cp313-cp313-macosx_14_0_x86_64.whl", hash = "sha256:d79715d95f1894771eb4e60fb23f065663b2298f7d22945d66877aadf33d00c7", size = 6640743, upload-time = "2025-09-09T15:57:07.921Z" },
    { url = "https://files.pythonhosted.org/packages/23/83/377f84aaeb800b64c0ef4de58b08769e782edcefa4fea712910b6f0afd3c/numpy-2.3.3-cp313-cp313-manylinux_2_27_aarch64.manylinux_2_28_aarch64.whl", hash = "sha256:952cfd0748514ea7c3afc729a0fc639e61655ce4c55ab9acfab14bda4f402b4c", size = 14278881, upload-time = "2025-09-09T15:57:11.349Z" },
    { url = "https://files.pythonhosted.org/packages/9a/a5/bf3db6e66c4b160d6ea10b534c381a1955dfab34cb1017ea93aa33c70ed3/numpy-2.3.3-cp313-cp313-manylinux_2_27_x86_64.manylinux_2_28_x86_64.whl", hash = "sha256:5b83648633d46f77039c29078751f80da65aa64d5622a3cd62aaef9d835b6c93", size = 16636301, upload-time = "2025-09-09T15:57:14.245Z" },
    { url = "https://files.pythonhosted.org/packages/a2/59/1287924242eb4fa3f9b3a2c30400f2e17eb2707020d1c5e3086fe7330717/numpy-2.3.3-cp313-cp313-musllinux_1_2_aarch64.whl", hash = "sha256:b001bae8cea1c7dfdb2ae2b017ed0a6f2102d7a70059df1e338e307a4c78a8ae", size = 16053645, upload-time = "2025-09-09T15:57:16.534Z" },
    { url = "https://files.pythonhosted.org/packages/e6/93/b3d47ed882027c35e94ac2320c37e452a549f582a5e801f2d34b56973c97/numpy-2.3.3-cp313-cp313-musllinux_1_2_x86_64.whl", hash = "sha256:8e9aced64054739037d42fb84c54dd38b81ee238816c948c8f3ed134665dcd86", size = 18578179, upload-time = "2025-09-09T15:57:18.883Z" },
    { url = "https://files.pythonhosted.org/packages/20/d9/487a2bccbf7cc9d4bfc5f0f197761a5ef27ba870f1e3bbb9afc4bbe3fcc2/numpy-2.3.3-cp313-cp313-win32.whl", hash = "sha256:9591e1221db3f37751e6442850429b3aabf7026d3b05542d102944ca7f00c8a8", size = 6312250, upload-time = "2025-09-09T15:57:21.296Z" },
    { url = "https://files.pythonhosted.org/packages/1b/b5/263ebbbbcede85028f30047eab3d58028d7ebe389d6493fc95ae66c636ab/numpy-2.3.3-cp313-cp313-win_amd64.whl", hash = "sha256:f0dadeb302887f07431910f67a14d57209ed91130be0adea2f9793f1a4f817cf", size = 12783269, upload-time = "2025-09-09T15:57:23.034Z" },
    { url = "https://files.pythonhosted.org/packages/fa/75/67b8ca554bbeaaeb3fac2e8bce46967a5a06544c9108ec0cf5cece559b6c/numpy-2.3.3-cp313-cp313-win_arm64.whl", hash = "sha256:3c7cf302ac6e0b76a64c4aecf1a09e51abd9b01fc7feee80f6c43e3ab1b1dbc5", size = 10195314, upload-time = "2025-09-09T15:57:25.045Z" },
    { url = "https://files.pythonhosted.org/packages/11/d0/0d1ddec56b162042ddfafeeb293bac672de9b0cfd688383590090963720a/numpy-2.3.3-cp313-cp313t-macosx_10_13_x86_64.whl", hash = "sha256:eda59e44957d272846bb407aad19f89dc6f58fecf3504bd144f4c5cf81a7eacc", size = 21048025, upload-time = "2025-09-09T15:57:27.257Z" },
    { url = "https://files.pythonhosted.org/packages/36/9e/1996ca6b6d00415b6acbdd3c42f7f03ea256e2c3f158f80bd7436a8a19f3/numpy-2.3.3-cp313-cp313t-macosx_11_0_arm64.whl", hash = "sha256:823d04112bc85ef5c4fda73ba24e6096c8f869931405a80aa8b0e604510a26bc", size = 14301053, upload-time = "2025-09-09T15:57:30.077Z" },
    { url = "https://files.pythonhosted.org/packages/05/24/43da09aa764c68694b76e84b3d3f0c44cb7c18cdc1ba80e48b0ac1d2cd39/numpy-2.3.3-cp313-cp313t-macosx_14_0_arm64.whl", hash = "sha256:40051003e03db4041aa325da2a0971ba41cf65714e65d296397cc0e32de6018b", size = 5229444, upload-time = "2025-09-09T15:57:32.733Z" },
    { url = "https://files.pythonhosted.org/packages/bc/14/50ffb0f22f7218ef8af28dd089f79f68289a7a05a208db9a2c5dcbe123c1/numpy-2.3.3-cp313-cp313t-macosx_14_0_x86_64.whl", hash = "sha256:6ee9086235dd6ab7ae75aba5662f582a81ced49f0f1c6de4260a78d8f2d91a19", size = 6738039, upload-time = "2025-09-09T15:57:34.328Z" },
    { url = "https://files.pythonhosted.org/packages/55/52/af46ac0795e09657d45a7f4db961917314377edecf66db0e39fa7ab5c3d3/numpy-2.3.3-cp313-cp313t-manylinux_2_27_aarch64.manylinux_2_28_aarch64.whl", hash = "sha256:94fcaa68757c3e2e668ddadeaa86ab05499a70725811e582b6a9858dd472fb30", size = 14352314, upload-time = "2025-09-09T15:57:36.255Z" },
    { url = "https://files.pythonhosted.org/packages/a7/b1/dc226b4c90eb9f07a3fff95c2f0db3268e2e54e5cce97c4ac91518aee71b/numpy-2.3.3-cp313-cp313t-manylinux_2_27_x86_64.manylinux_2_28_x86_64.whl", hash = "sha256:da1a74b90e7483d6ce5244053399a614b1d6b7bc30a60d2f570e5071f8959d3e", size = 16701722, upload-time = "2025-09-09T15:57:38.622Z" },
    { url = "https://files.pythonhosted.org/packages/9d/9d/9d8d358f2eb5eced14dba99f110d83b5cd9a4460895230f3b396ad19a323/numpy-2.3.3-cp313-cp313t-musllinux_1_2_aarch64.whl", hash = "sha256:2990adf06d1ecee3b3dcbb4977dfab6e9f09807598d647f04d385d29e7a3c3d3", size = 16132755, upload-time = "2025-09-09T15:57:41.16Z" },
    { url = "https://files.pythonhosted.org/packages/b6/27/b3922660c45513f9377b3fb42240bec63f203c71416093476ec9aa0719dc/numpy-2.3.3-cp313-cp313t-musllinux_1_2_x86_64.whl", hash = "sha256:ed635ff692483b8e3f0fcaa8e7eb8a75ee71aa6d975388224f70821421800cea", size = 18651560, upload-time = "2025-09-09T15:57:43.459Z" },
    { url = "https://files.pythonhosted.org/packages/5b/8e/3ab61a730bdbbc201bb245a71102aa609f0008b9ed15255500a99cd7f780/numpy-2.3.3-cp313-cp313t-win32.whl", hash = "sha256:a333b4ed33d8dc2b373cc955ca57babc00cd6f9009991d9edc5ddbc1bac36bcd", size = 6442776, upload-time = "2025-09-09T15:57:45.793Z" },
    { url = "https://files.pythonhosted.org/packages/1c/3a/e22b766b11f6030dc2decdeff5c2fb1610768055603f9f3be88b6d192fb2/numpy-2.3.3-cp313-cp313t-win_amd64.whl", hash = "sha256:4384a169c4d8f97195980815d6fcad04933a7e1ab3b530921c3fef7a1c63426d", size = 12927281, upload-time = "2025-09-09T15:57:47.492Z" },
    { url = "https://files.pythonhosted.org/packages/7b/42/c2e2bc48c5e9b2a83423f99733950fbefd86f165b468a3d85d52b30bf782/numpy-2.3.3-cp313-cp313t-win_arm64.whl", hash = "sha256:75370986cc0bc66f4ce5110ad35aae6d182cc4ce6433c40ad151f53690130bf1", size = 10265275, upload-time = "2025-09-09T15:57:49.647Z" },
    { url = "https://files.pythonhosted.org/packages/6b/01/342ad585ad82419b99bcf7cebe99e61da6bedb89e213c5fd71acc467faee/numpy-2.3.3-cp314-cp314-macosx_10_13_x86_64.whl", hash = "sha256:cd052f1fa6a78dee696b58a914b7229ecfa41f0a6d96dc663c1220a55e137593", size = 20951527, upload-time = "2025-09-09T15:57:52.006Z" },
    { url = "https://files.pythonhosted.org/packages/ef/d8/204e0d73fc1b7a9ee80ab1fe1983dd33a4d64a4e30a05364b0208e9a241a/numpy-2.3.3-cp314-cp314-macosx_11_0_arm64.whl", hash = "sha256:414a97499480067d305fcac9716c29cf4d0d76db6ebf0bf3cbce666677f12652", size = 14186159, upload-time = "2025-09-09T15:57:54.407Z" },
    { url = "https://files.pythonhosted.org/packages/22/af/f11c916d08f3a18fb8ba81ab72b5b74a6e42ead4c2846d270eb19845bf74/numpy-2.3.3-cp314-cp314-macosx_14_0_arm64.whl", hash = "sha256:50a5fe69f135f88a2be9b6ca0481a68a136f6febe1916e4920e12f1a34e708a7", size = 5114624, upload-time = "2025-09-09T15:57:56.5Z" },
    { url = "https://files.pythonhosted.org/packages/fb/11/0ed919c8381ac9d2ffacd63fd1f0c34d27e99cab650f0eb6f110e6ae4858/numpy-2.3.3-cp314-cp314-macosx_14_0_x86_64.whl", hash = "sha256:b912f2ed2b67a129e6a601e9d93d4fa37bef67e54cac442a2f588a54afe5c67a", size = 6642627, upload-time = "2025-09-09T15:57:58.206Z" },
    { url = "https://files.pythonhosted.org/packages/ee/83/deb5f77cb0f7ba6cb52b91ed388b47f8f3c2e9930d4665c600408d9b90b9/numpy-2.3.3-cp314-cp314-manylinux_2_27_aarch64.manylinux_2_28_aarch64.whl", hash = "sha256:9e318ee0596d76d4cb3d78535dc005fa60e5ea348cd131a51e99d0bdbe0b54fe", size = 14296926, upload-time = "2025-09-09T15:58:00.035Z" },
    { url = "https://files.pythonhosted.org/packages/77/cc/70e59dcb84f2b005d4f306310ff0a892518cc0c8000a33d0e6faf7ca8d80/numpy-2.3.3-cp314-cp314-manylinux_2_27_x86_64.manylinux_2_28_x86_64.whl", hash = "sha256:ce020080e4a52426202bdb6f7691c65bb55e49f261f31a8f506c9f6bc7450421", size = 16638958, upload-time = "2025-09-09T15:58:02.738Z" },
    { url = "https://files.pythonhosted.org/packages/b6/5a/b2ab6c18b4257e099587d5b7f903317bd7115333ad8d4ec4874278eafa61/numpy-2.3.3-cp314-cp314-musllinux_1_2_aarch64.whl", hash = "sha256:e6687dc183aa55dae4a705b35f9c0f8cb178bcaa2f029b241ac5356221d5c021", size = 16071920, upload-time = "2025-09-09T15:58:05.029Z" },
    { url = "https://files.pythonhosted.org/packages/b8/f1/8b3fdc44324a259298520dd82147ff648979bed085feeacc1250ef1656c0/numpy-2.3.3-cp314-cp314-musllinux_1_2_x86_64.whl", hash = "sha256:d8f3b1080782469fdc1718c4ed1d22549b5fb12af0d57d35e992158a772a37cf", size = 18577076, upload-time = "2025-09-09T15:58:07.745Z" },
    { url = "https://files.pythonhosted.org/packages/f0/a1/b87a284fb15a42e9274e7fcea0dad259d12ddbf07c1595b26883151ca3b4/numpy-2.3.3-cp314-cp314-win32.whl", hash = "sha256:cb248499b0bc3be66ebd6578b83e5acacf1d6cb2a77f2248ce0e40fbec5a76d0", size = 6366952, upload-time = "2025-09-09T15:58:10.096Z" },
    { url = "https://files.pythonhosted.org/packages/70/5f/1816f4d08f3b8f66576d8433a66f8fa35a5acfb3bbd0bf6c31183b003f3d/numpy-2.3.3-cp314-cp314-win_amd64.whl", hash = "sha256:691808c2b26b0f002a032c73255d0bd89751425f379f7bcd22d140db593a96e8", size = 12919322, upload-time = "2025-09-09T15:58:12.138Z" },
    { url = "https://files.pythonhosted.org/packages/8c/de/072420342e46a8ea41c324a555fa90fcc11637583fb8df722936aed1736d/numpy-2.3.3-cp314-cp314-win_arm64.whl", hash = "sha256:9ad12e976ca7b10f1774b03615a2a4bab8addce37ecc77394d8e986927dc0dfe", size = 10478630, upload-time = "2025-09-09T15:58:14.64Z" },
    { url = "https://files.pythonhosted.org/packages/d5/df/ee2f1c0a9de7347f14da5dd3cd3c3b034d1b8607ccb6883d7dd5c035d631/numpy-2.3.3-cp314-cp314t-macosx_10_13_x86_64.whl", hash = "sha256:9cc48e09feb11e1db00b320e9d30a4151f7369afb96bd0e48d942d09da3a0d00", size = 21047987, upload-time = "2025-09-09T15:58:16.889Z" },
    { url = "https://files.pythonhosted.org/packages/d6/92/9453bdc5a4e9e69cf4358463f25e8260e2ffc126d52e10038b9077815989/numpy-2.3.3-cp314-cp314t-macosx_11_0_arm64.whl", hash = "sha256:901bf6123879b7f251d3631967fd574690734236075082078e0571977c6a8e6a", size = 14301076, upload-time = "2025-09-09T15:58:20.343Z" },
    { url = "https://files.pythonhosted.org/packages/13/77/1447b9eb500f028bb44253105bd67534af60499588a5149a94f18f2ca917/numpy-2.3.3-cp314-cp314t-macosx_14_0_arm64.whl", hash = "sha256:7f025652034199c301049296b59fa7d52c7e625017cae4c75d8662e377bf487d", size = 5229491, upload-time = "2025-09-09T15:58:22.481Z" },
    { url = "https://files.pythonhosted.org/packages/3d/f9/d72221b6ca205f9736cb4b2ce3b002f6e45cd67cd6a6d1c8af11a2f0b649/numpy-2.3.3-cp314-cp314t-macosx_14_0_x86_64.whl", hash = "sha256:533ca5f6d325c80b6007d4d7fb1984c303553534191024ec6a524a4c92a5935a", size = 6737913, upload-time = "2025-09-09T15:58:24.569Z" },
    { url = "https://files.pythonhosted.org/packages/3c/5f/d12834711962ad9c46af72f79bb31e73e416ee49d17f4c797f72c96b6ca5/numpy-2.3.3-cp314-cp314t-manylinux_2_27_aarch64.manylinux_2_28_aarch64.whl", hash = "sha256:0edd58682a399824633b66885d699d7de982800053acf20be1eaa46d92009c54", size = 14352811, upload-time = "2025-09-09T15:58:26.416Z" },
    { url = "https://files.pythonhosted.org/packages/a1/0d/fdbec6629d97fd1bebed56cd742884e4eead593611bbe1abc3eb40d304b2/numpy-2.3.3-cp314-cp314t-manylinux_2_27_x86_64.manylinux_2_28_x86_64.whl", hash = "sha256:367ad5d8fbec5d9296d18478804a530f1191e24ab4d75ab408346ae88045d25e", size = 16702689, upload-time = "2025-09-09T15:58:28.831Z" },
    { url = "https://files.pythonhosted.org/packages/9b/09/0a35196dc5575adde1eb97ddfbc3e1687a814f905377621d18ca9bc2b7dd/numpy-2.3.3-cp314-cp314t-musllinux_1_2_aarch64.whl", hash = "sha256:8f6ac61a217437946a1fa48d24c47c91a0c4f725237871117dea264982128097", size = 16133855, upload-time = "2025-09-09T15:58:31.349Z" },
    { url = "https://files.pythonhosted.org/packages/7a/ca/c9de3ea397d576f1b6753eaa906d4cdef1bf97589a6d9825a349b4729cc2/numpy-2.3.3-cp314-cp314t-musllinux_1_2_x86_64.whl", hash = "sha256:179a42101b845a816d464b6fe9a845dfaf308fdfc7925387195570789bb2c970", size = 18652520, upload-time = "2025-09-09T15:58:33.762Z" },
    { url = "https://files.pythonhosted.org/packages/fd/c2/e5ed830e08cd0196351db55db82f65bc0ab05da6ef2b72a836dcf1936d2f/numpy-2.3.3-cp314-cp314t-win32.whl", hash = "sha256:1250c5d3d2562ec4174bce2e3a1523041595f9b651065e4a4473f5f48a6bc8a5", size = 6515371, upload-time = "2025-09-09T15:58:36.04Z" },
    { url = "https://files.pythonhosted.org/packages/47/c7/b0f6b5b67f6788a0725f744496badbb604d226bf233ba716683ebb47b570/numpy-2.3.3-cp314-cp314t-win_amd64.whl", hash = "sha256:b37a0b2e5935409daebe82c1e42274d30d9dd355852529eab91dab8dcca7419f", size = 13112576, upload-time = "2025-09-09T15:58:37.927Z" },
    { url = "https://files.pythonhosted.org/packages/06/b9/33bba5ff6fb679aa0b1f8a07e853f002a6b04b9394db3069a1270a7784ca/numpy-2.3.3-cp314-cp314t-win_arm64.whl", hash = "sha256:78c9f6560dc7e6b3990e32df7ea1a50bbd0e2a111e05209963f5ddcab7073b0b", size = 10545953, upload-time = "2025-09-09T15:58:40.576Z" },
]

[[package]]
name = "onnx"
version = "1.19.0"
source = { registry = "https://pypi.org/simple" }
dependencies = [
    { name = "ml-dtypes" },
    { name = "numpy" },
    { name = "protobuf" },
    { name = "typing-extensions" },
]
sdist = { url = "https://files.pythonhosted.org/packages/5b/bf/b0a63ee9f3759dcd177b28c6f2cb22f2aecc6d9b3efecaabc298883caa5f/onnx-1.19.0.tar.gz", hash = "sha256:aa3f70b60f54a29015e41639298ace06adf1dd6b023b9b30f1bca91bb0db9473", size = 11949859, upload-time = "2025-08-27T02:34:27.107Z" }
wheels = [
    { url = "https://files.pythonhosted.org/packages/be/29/d7b731f63d243f815d9256dce0dca3c151dcaa1ac59f73e6ee06c9afbe91/onnx-1.19.0-cp313-cp313-macosx_12_0_universal2.whl", hash = "sha256:9aed51a4b01acc9ea4e0fe522f34b2220d59e9b2a47f105ac8787c2e13ec5111", size = 18322412, upload-time = "2025-08-27T02:33:36.723Z" },
    { url = "https://files.pythonhosted.org/packages/58/f5/d3106becb42cb374f0e17ff4c9933a97f1ee1d6a798c9452067f7d3ff61b/onnx-1.19.0-cp313-cp313-manylinux2014_aarch64.manylinux_2_17_aarch64.whl", hash = "sha256:ce2cdc3eb518bb832668c4ea9aeeda01fbaa59d3e8e5dfaf7aa00f3d37119404", size = 18026565, upload-time = "2025-08-27T02:33:39.493Z" },
    { url = "https://files.pythonhosted.org/packages/83/fa/b086d17bab3900754c7ffbabfb244f8e5e5da54a34dda2a27022aa2b373b/onnx-1.19.0-cp313-cp313-manylinux2014_x86_64.manylinux_2_17_x86_64.whl", hash = "sha256:8b546bd7958734b6abcd40cfede3d025e9c274fd96334053a288ab11106bd0aa", size = 18202077, upload-time = "2025-08-27T02:33:42.115Z" },
    { url = "https://files.pythonhosted.org/packages/35/f2/5e2dfb9d4cf873f091c3f3c6d151f071da4295f9893fbf880f107efe3447/onnx-1.19.0-cp313-cp313-win32.whl", hash = "sha256:03086bffa1cf5837430cf92f892ca0cd28c72758d8905578c2bf8ffaf86c6743", size = 16333198, upload-time = "2025-08-27T02:33:45.172Z" },
    { url = "https://files.pythonhosted.org/packages/79/67/b3751a35c2522f62f313156959575619b8fa66aa883db3adda9d897d8eb2/onnx-1.19.0-cp313-cp313-win_amd64.whl", hash = "sha256:1715b51eb0ab65272e34ef51cb34696160204b003566cd8aced2ad20a8f95cb8", size = 16453836, upload-time = "2025-08-27T02:33:47.779Z" },
    { url = "https://files.pythonhosted.org/packages/14/b9/1df85effc960fbbb90bb7bc36eb3907c676b104bc2f88bce022bcfdaef63/onnx-1.19.0-cp313-cp313-win_arm64.whl", hash = "sha256:6bf5acdb97a3ddd6e70747d50b371846c313952016d0c41133cbd8f61b71a8d5", size = 16425877, upload-time = "2025-08-27T02:33:50.357Z" },
    { url = "https://files.pythonhosted.org/packages/23/2b/089174a1427be9149f37450f8959a558ba20f79fca506ba461d59379d3a1/onnx-1.19.0-cp313-cp313t-macosx_12_0_universal2.whl", hash = "sha256:46cf29adea63e68be0403c68de45ba1b6acc9bb9592c5ddc8c13675a7c71f2cb", size = 18348546, upload-time = "2025-08-27T02:33:56.132Z" },
    { url = "https://files.pythonhosted.org/packages/c0/d6/3458f0e3a9dc7677675d45d7d6528cb84ad321c8670cc10c69b32c3e03da/onnx-1.19.0-cp313-cp313t-manylinux2014_aarch64.manylinux_2_17_aarch64.whl", hash = "sha256:246f0de1345498d990a443d55a5b5af5101a3e25a05a2c3a5fe8b7bd7a7d0707", size = 18033067, upload-time = "2025-08-27T02:33:58.661Z" },
    { url = "https://files.pythonhosted.org/packages/e4/16/6e4130e1b4b29465ee1fb07d04e8d6f382227615c28df8f607ba50909e2a/onnx-1.19.0-cp313-cp313t-manylinux2014_x86_64.manylinux_2_17_x86_64.whl", hash = "sha256:ae0d163ffbc250007d984b8dd692a4e2e4506151236b50ca6e3560b612ccf9ff", size = 18205741, upload-time = "2025-08-27T02:34:01.538Z" },
    { url = "https://files.pythonhosted.org/packages/fe/d8/f64d010fd024b2a2b11ce0c4ee179e4f8f6d4ccc95f8184961c894c22af1/onnx-1.19.0-cp313-cp313t-win_amd64.whl", hash = "sha256:7c151604c7cca6ae26161c55923a7b9b559df3344938f93ea0074d2d49e7fe78", size = 16453839, upload-time = "2025-08-27T02:34:06.515Z" },
    { url = "https://files.pythonhosted.org/packages/67/ec/8761048eabef4dad55af4c002c672d139b9bd47c3616abaed642a1710063/onnx-1.19.0-cp314-cp314-manylinux2014_aarch64.manylinux_2_17_aarch64.whl", hash = "sha256:236bc0e60d7c0f4159300da639953dd2564df1c195bce01caba172a712e75af4", size = 18027605, upload-time = "2025-08-27T02:34:08.962Z" },
]

[[package]]
name = "onnxruntime"
version = "1.23.0"
source = { registry = "https://pypi.org/simple" }
dependencies = [
    { name = "coloredlogs" },
    { name = "flatbuffers" },
    { name = "numpy" },
    { name = "packaging" },
    { name = "protobuf" },
    { name = "sympy" },
]
wheels = [
    { url = "https://files.pythonhosted.org/packages/c4/59/dbd5731f2188c65c22f65e5b9dde45cf68510a14ecb1eb6fabd272da94c3/onnxruntime-1.23.0-cp313-cp313-macosx_13_0_arm64.whl", hash = "sha256:b6659f17326e64f2902cd31aa5efc1af41d0e0e3bd1357a75985e358412c35ca", size = 17081033, upload-time = "2025-09-25T18:56:27.426Z" },
    { url = "https://files.pythonhosted.org/packages/ea/fd/6a95d7ab505517192966da8df5aec491eff1b32559ce8981299192194ca3/onnxruntime-1.23.0-cp313-cp313-macosx_13_0_x86_64.whl", hash = "sha256:9ef62369a0261aa15b1399addaaf17ed398e4e2128c8548fafcd73aac13820fd", size = 19029223, upload-time = "2025-09-25T18:56:36.85Z" },
    { url = "https://files.pythonhosted.org/packages/11/51/673cf86f574a87a4fb9d4fb2cd1ccfcf362bc7c3f2ecb1919325e7fd0fd4/onnxruntime-1.23.0-cp313-cp313-manylinux_2_27_aarch64.manylinux_2_28_aarch64.whl", hash = "sha256:0edee45d4119f7a6f187dc1b63e177e3e6c76932446006fd4f3e81540f260dfa", size = 15140613, upload-time = "2025-09-25T18:56:22.824Z" },
    { url = "https://files.pythonhosted.org/packages/ce/ab/898f87a633f3063269fcee2f94b1e8349223f1f14fa730822d2cf6021c76/onnxruntime-1.23.0-cp313-cp313-manylinux_2_27_x86_64.manylinux_2_28_x86_64.whl", hash = "sha256:e2dc1993aa91d665faf2b17772e4e29a2999821e110c0e3d17e2b1c00d0e7f48", size = 17274274, upload-time = "2025-09-25T19:16:13.603Z" },
    { url = "https://files.pythonhosted.org/packages/9b/69/070eae0d0369562d1dec0046ec2e3dd7c523adfae0f30b3887f81ef98c3b/onnxruntime-1.23.0-cp313-cp313-win_amd64.whl", hash = "sha256:e52c8603c4cc74746ece9966102e4fc6c2b355efc0102a9deb107f3ff86680af", size = 13392787, upload-time = "2025-09-25T19:16:38.871Z" },
    { url = "https://files.pythonhosted.org/packages/42/8c/6f1d8ec63c887a855f65648b1c743f673191da94703b5fd207d21f17c292/onnxruntime-1.23.0-cp313-cp313t-manylinux_2_27_aarch64.manylinux_2_28_aarch64.whl", hash = "sha256:24ac2a8b2c6dd00a152a08a9cf1ba3f06b38915f6cb6cf1adbe714e16e5ff460", size = 15148462, upload-time = "2025-09-25T18:56:25.11Z" },
    { url = "https://files.pythonhosted.org/packages/eb/59/0db51308fa479f9325ade08c343a5164153ad01dbb83b62ff661e1129d2e/onnxruntime-1.23.0-cp313-cp313t-manylinux_2_27_x86_64.manylinux_2_28_x86_64.whl", hash = "sha256:ed85686e08cfb29ee96365b9a49e8a350aff7557c13d63d9f07ca3ad68975074", size = 17281939, upload-time = "2025-09-25T19:16:16.16Z" },
]

[[package]]
name = "packaging"
version = "25.0"
source = { registry = "https://pypi.org/simple" }
sdist = { url = "https://files.pythonhosted.org/packages/a1/d4/1fc4078c65507b51b96ca8f8c3ba19e6a61c8253c72794544580a7b6c24d/packaging-25.0.tar.gz", hash = "sha256:d443872c98d677bf60f6a1f2f8c1cb748e8fe762d2bf9d3148b5599295b0fc4f", size = 165727, upload-time = "2025-04-19T11:48:59.673Z" }
wheels = [
    { url = "https://files.pythonhosted.org/packages/20/12/38679034af332785aac8774540895e234f4d07f7545804097de4b666afd8/packaging-25.0-py3-none-any.whl", hash = "sha256:29572ef2b1f17581046b3a2227d5c611fb25ec70ca1ba8554b24b0e69331a484", size = 66469, upload-time = "2025-04-19T11:48:57.875Z" },
]

[[package]]
name = "protobuf"
version = "6.32.1"
source = { registry = "https://pypi.org/simple" }
sdist = { url = "https://files.pythonhosted.org/packages/fa/a4/cc17347aa2897568beece2e674674359f911d6fe21b0b8d6268cd42727ac/protobuf-6.32.1.tar.gz", hash = "sha256:ee2469e4a021474ab9baafea6cd070e5bf27c7d29433504ddea1a4ee5850f68d", size = 440635, upload-time = "2025-09-11T21:38:42.935Z" }
wheels = [
    { url = "https://files.pythonhosted.org/packages/c0/98/645183ea03ab3995d29086b8bf4f7562ebd3d10c9a4b14ee3f20d47cfe50/protobuf-6.32.1-cp310-abi3-win32.whl", hash = "sha256:a8a32a84bc9f2aad712041b8b366190f71dde248926da517bde9e832e4412085", size = 424411, upload-time = "2025-09-11T21:38:27.427Z" },
    { url = "https://files.pythonhosted.org/packages/8c/f3/6f58f841f6ebafe076cebeae33fc336e900619d34b1c93e4b5c97a81fdfa/protobuf-6.32.1-cp310-abi3-win_amd64.whl", hash = "sha256:b00a7d8c25fa471f16bc8153d0e53d6c9e827f0953f3c09aaa4331c718cae5e1", size = 435738, upload-time = "2025-09-11T21:38:30.959Z" },
    { url = "https://files.pythonhosted.org/packages/10/56/a8a3f4e7190837139e68c7002ec749190a163af3e330f65d90309145a210/protobuf-6.32.1-cp39-abi3-macosx_10_9_universal2.whl", hash = "sha256:d8c7e6eb619ffdf105ee4ab76af5a68b60a9d0f66da3ea12d1640e6d8dab7281", size = 426454, upload-time = "2025-09-11T21:38:34.076Z" },
    { url = "https://files.pythonhosted.org/packages/3f/be/8dd0a927c559b37d7a6c8ab79034fd167dcc1f851595f2e641ad62be8643/protobuf-6.32.1-cp39-abi3-manylinux2014_aarch64.whl", hash = "sha256:2f5b80a49e1eb7b86d85fcd23fe92df154b9730a725c3b38c4e43b9d77018bf4", size = 322874, upload-time = "2025-09-11T21:38:35.509Z" },
    { url = "https://files.pythonhosted.org/packages/5c/f6/88d77011b605ef979aace37b7703e4eefad066f7e84d935e5a696515c2dd/protobuf-6.32.1-cp39-abi3-manylinux2014_x86_64.whl", hash = "sha256:b1864818300c297265c83a4982fd3169f97122c299f56a56e2445c3698d34710", size = 322013, upload-time = "2025-09-11T21:38:37.017Z" },
    { url = "https://files.pythonhosted.org/packages/97/b7/15cc7d93443d6c6a84626ae3258a91f4c6ac8c0edd5df35ea7658f71b79c/protobuf-6.32.1-py3-none-any.whl", hash = "sha256:2601b779fc7d32a866c6b4404f9d42a3f67c5b9f3f15b4db3cccabe06b95c346", size = 169289, upload-time = "2025-09-11T21:38:41.234Z" },
]

[[package]]
name = "pyreadline3"
version = "3.5.4"
source = { registry = "https://pypi.org/simple" }
sdist = { url = "https://files.pythonhosted.org/packages/0f/49/4cea918a08f02817aabae639e3d0ac046fef9f9180518a3ad394e22da148/pyreadline3-3.5.4.tar.gz", hash = "sha256:8d57d53039a1c75adba8e50dd3d992b28143480816187ea5efbd5c78e6c885b7", size = 99839, upload-time = "2024-09-19T02:40:10.062Z" }
wheels = [
    { url = "https://files.pythonhosted.org/packages/5a/dc/491b7661614ab97483abf2056be1deee4dc2490ecbf7bff9ab5cdbac86e1/pyreadline3-3.5.4-py3-none-any.whl", hash = "sha256:eaf8e6cc3c49bcccf145fc6067ba8643d1df34d604a1ec0eccbf7a18e6d3fae6", size = 83178, upload-time = "2024-09-19T02:40:08.598Z" },
]

[[package]]
name = "sympy"
version = "1.14.0"
source = { registry = "https://pypi.org/simple" }
dependencies = [
    { name = "mpmath" },
]
sdist = { url = "https://files.pythonhosted.org/packages/83/d3/803453b36afefb7c2bb238361cd4ae6125a569b4db67cd9e79846ba2d68c/sympy-1.14.0.tar.gz", hash = "sha256:d3d3fe8df1e5a0b42f0e7bdf50541697dbe7d23746e894990c030e2b05e72517", size = 7793921, upload-time = "2025-04-27T18:05:01.611Z" }
wheels = [
    { url = "https://files.pythonhosted.org/packages/a2/09/77d55d46fd61b4a135c444fc97158ef34a095e5681d0a6c10b75bf356191/sympy-1.14.0-py3-none-any.whl", hash = "sha256:e091cc3e99d2141a0ba2847328f5479b05d94a6635cb96148ccb3f34671bd8f5", size = 6299353, upload-time = "2025-04-27T18:04:59.103Z" },
]

[[package]]
name = "typing-extensions"
version = "4.15.0"
source = { registry = "https://pypi.org/simple" }
sdist = { url = "https://files.pythonhosted.org/packages/72/94/1a15dd82efb362ac84269196e94cf00f187f7ed21c242792a923cdb1c61f/typing_extensions-4.15.0.tar.gz", hash = "sha256:0cea48d173cc12fa28ecabc3b837ea3cf6f38c6d1136f85cbaaf598984861466", size = 109391, upload-time = "2025-08-25T13:49:26.313Z" }
wheels = [
    { url = "https://files.pythonhosted.org/packages/18/67/36e9267722cc04a6b9f15c7f3441c2363321a3ea07da7ae0c0707beb2a9c/typing_extensions-4.15.0-py3-none-any.whl", hash = "sha256:f0fa19c6845758ab08074a0cfa8b7aecb71c999ca73d62883bc25cc018c4e548", size = 44614, upload-time = "2025-08-25T13:49:24.86Z" },
]
